
Microsoft Visual Studio Solution File, Format Version 12.00
# Visual Studio Version 16
VisualStudioVersion = 16.0.28803.202
MinimumVisualStudioVersion = 10.0.40219.1
Project("{FAE04EC0-301F-11D3-BF4B-00C04F79EFBC}") = "SkyEditor.Utilities.AsyncFor", "SkyEditor.Utilities.AsyncFor\SkyEditor.Utilities.AsyncFor.csproj", "{11491B31-9EEA-4521-9046-983B8B882BA1}"
EndProject
Project("{2150E333-8FDC-42A3-9474-1A3956D46DE8}") = "Solution Items", "Solution Items", "{76990D58-CEFD-45DD-AFA9-CFE938273030}"
	ProjectSection(SolutionItems) = preProject
		README.md = README.md
	EndProjectSection
EndProject
Project("{FAE04EC0-301F-11D3-BF4B-00C04F79EFBC}") = "SkyEditor.Utilities.AsyncFor.Tests", "SkyEditor.Utilities.AsyncFor.Tests\SkyEditor.Utilities.AsyncFor.Tests.csproj", "{3066A469-592E-4A48-BDF3-FB1EECBFBE0D}"
EndProject
Global
	GlobalSection(SolutionConfigurationPlatforms) = preSolution
		Debug|Any CPU = Debug|Any CPU
		Release|Any CPU = Release|Any CPU
	EndGlobalSection
	GlobalSection(ProjectConfigurationPlatforms) = postSolution
		{11491B31-9EEA-4521-9046-983B8B882BA1}.Debug|Any CPU.ActiveCfg = Debug|Any CPU
		{11491B31-9EEA-4521-9046-983B8B882BA1}.Debug|Any CPU.Build.0 = Debug|Any CPU
		{11491B31-9EEA-4521-9046-983B8B882BA1}.Release|Any CPU.ActiveCfg = Release|Any CPU
		{11491B31-9EEA-4521-9046-983B8B882BA1}.Release|Any CPU.Build.0 = Release|Any CPU
		{3066A469-592E-4A48-BDF3-FB1EECBFBE0D}.Debug|Any CPU.ActiveCfg = Debug|Any CPU
		{3066A469-592E-4A48-BDF3-FB1EECBFBE0D}.Debug|Any CPU.Build.0 = Debug|Any CPU
		{3066A469-592E-4A48-BDF3-FB1EECBFBE0D}.Release|Any CPU.ActiveCfg = Release|Any CPU
		{3066A469-592E-4A48-BDF3-FB1EECBFBE0D}.Release|Any CPU.Build.0 = Release|Any CPU
	EndGlobalSection
	GlobalSection(SolutionProperties) = preSolution
		HideSolutionNode = FALSE
	EndGlobalSection
	GlobalSection(ExtensibilityGlobals) = postSolution
		SolutionGuid = {E6442059-C45C-4CB8-BEBC-4B88C261A0EA}
	EndGlobalSection
EndGlobal
